
Microsoft Visual Studio Solution File, Format Version 12.00
# Visual Studio Version 16
VisualStudioVersion = 25.0.1706.14
MinimumVisualStudioVersion = 10.0.40219.1
Project("{FAE04EC0-301F-11D3-BF4B-00C04F79EFBC}") = "flight_manager", "flight_manager\flight_manager.csproj", "{DE71F77A-4254-443F-BACA-A50C75D4B100}"
EndProject
Global
	GlobalSection(SolutionConfigurationPlatforms) = preSolution
		Debug|Any CPU = Debug|Any CPU
		Release|Any CPU = Release|Any CPU
	EndGlobalSection
	GlobalSection(ProjectConfigurationPlatforms) = postSolution
		{DE71F77A-4254-443F-BACA-A50C75D4B100}.Debug|Any CPU.ActiveCfg = Debug|Any CPU
		{DE71F77A-4254-443F-BACA-A50C75D4B100}.Debug|Any CPU.Build.0 = Debug|Any CPU
		{DE71F77A-4254-443F-BACA-A50C75D4B100}.Release|Any CPU.ActiveCfg = Release|Any CPU
		{DE71F77A-4254-443F-BACA-A50C75D4B100}.Release|Any CPU.Build.0 = Release|Any CPU
	EndGlobalSection
	GlobalSection(SolutionProperties) = preSolution
		HideSolutionNode = FALSE
	EndGlobalSection
	GlobalSection(ExtensibilityGlobals) = postSolution
		SolutionGuid = {0B97E5D1-968E-47B6-AFBC-FD3A85F2BE36}
	EndGlobalSection
EndGlobal
