
Microsoft Visual Studio Solution File, Format Version 12.00
# Visual Studio Version 16
VisualStudioVersion = 25.0.1706.14
MinimumVisualStudioVersion = 10.0.40219.1
Project("{FAE04EC0-301F-11D3-BF4B-00C04F79EFBC}") = "flight_manager", "flight_manager.csproj", "{C8FA5291-90CA-4A99-AD92-C8FA3138106F}"
EndProject
Global
	GlobalSection(SolutionConfigurationPlatforms) = preSolution
		Debug|Any CPU = Debug|Any CPU
		Release|Any CPU = Release|Any CPU
	EndGlobalSection
	GlobalSection(ProjectConfigurationPlatforms) = postSolution
		{C8FA5291-90CA-4A99-AD92-C8FA3138106F}.Debug|Any CPU.ActiveCfg = Debug|Any CPU
		{C8FA5291-90CA-4A99-AD92-C8FA3138106F}.Debug|Any CPU.Build.0 = Debug|Any CPU
		{C8FA5291-90CA-4A99-AD92-C8FA3138106F}.Release|Any CPU.ActiveCfg = Release|Any CPU
		{C8FA5291-90CA-4A99-AD92-C8FA3138106F}.Release|Any CPU.Build.0 = Release|Any CPU
	EndGlobalSection
	GlobalSection(SolutionProperties) = preSolution
		HideSolutionNode = FALSE
	EndGlobalSection
	GlobalSection(ExtensibilityGlobals) = postSolution
		SolutionGuid = {072E0D81-E055-42CB-884D-D147D20462B5}
	EndGlobalSection
EndGlobal
